// !$*UTF8*$!
{
	archiveVersion = 1;
	classes = {
	};
	objectVersion = 46;
	objects = {

/* Begin PBXBuildFile section */
		FB0C788018C11E0A008F1BB4 /* Foundation.framework in Frameworks */ = {isa = PBXBuildFile; fileRef = FB0C787F18C11E0A008F1BB4 /* Foundation.framework */; };
		FB0C788218C11E0A008F1BB4 /* CoreGraphics.framework in Frameworks */ = {isa = PBXBuildFile; fileRef = FB0C788118C11E0A008F1BB4 /* CoreGraphics.framework */; };
		FB0C788418C11E0A008F1BB4 /* UIKit.framework in Frameworks */ = {isa = PBXBuildFile; fileRef = FB0C788318C11E0A008F1BB4 /* UIKit.framework */; };
		FB0C788A18C11E0A008F1BB4 /* InfoPlist.strings in Resources */ = {isa = PBXBuildFile; fileRef = FB0C788818C11E0A008F1BB4 /* InfoPlist.strings */; };
		FB0C788C18C11E0A008F1BB4 /* main.m in Sources */ = {isa = PBXBuildFile; fileRef = FB0C788B18C11E0A008F1BB4 /* main.m */; };
		FB0C789018C11E0A008F1BB4 /* NetStyleAppDelegate.m in Sources */ = {isa = PBXBuildFile; fileRef = FB0C788F18C11E0A008F1BB4 /* NetStyleAppDelegate.m */; };
		FB0C789218C11E0A008F1BB4 /* Images.xcassets in Resources */ = {isa = PBXBuildFile; fileRef = FB0C789118C11E0A008F1BB4 /* Images.xcassets */; };
		FB0C789918C11E0A008F1BB4 /* XCTest.framework in Frameworks */ = {isa = PBXBuildFile; fileRef = FB0C789818C11E0A008F1BB4 /* XCTest.framework */; };
		FB0C789A18C11E0A008F1BB4 /* Foundation.framework in Frameworks */ = {isa = PBXBuildFile; fileRef = FB0C787F18C11E0A008F1BB4 /* Foundation.framework */; };
		FB0C789B18C11E0A008F1BB4 /* UIKit.framework in Frameworks */ = {isa = PBXBuildFile; fileRef = FB0C788318C11E0A008F1BB4 /* UIKit.framework */; };
		FB0C78A318C11E0A008F1BB4 /* InfoPlist.strings in Resources */ = {isa = PBXBuildFile; fileRef = FB0C78A118C11E0A008F1BB4 /* InfoPlist.strings */; };
		FB0C78A518C11E0A008F1BB4 /* Network_StyleTests.m in Sources */ = {isa = PBXBuildFile; fileRef = FB0C78A418C11E0A008F1BB4 /* Network_StyleTests.m */; };
		FB0C78AF18C11EA3008F1BB4 /* Main.storyboard in Resources */ = {isa = PBXBuildFile; fileRef = FB0C78AE18C11EA3008F1BB4 /* Main.storyboard */; };
		FB0C78B218C1205D008F1BB4 /* NetStyleTabBarController.m in Sources */ = {isa = PBXBuildFile; fileRef = FB0C78B118C1205D008F1BB4 /* NetStyleTabBarController.m */; };
		FB0C78B518C12113008F1BB4 /* NetStyleProfileViewController.m in Sources */ = {isa = PBXBuildFile; fileRef = FB0C78B418C12113008F1BB4 /* NetStyleProfileViewController.m */; };
		FB0C78B818C12C4B008F1BB4 /* profpic.jpg in Resources */ = {isa = PBXBuildFile; fileRef = FB0C78B718C12C4B008F1BB4 /* profpic.jpg */; };
		FB0C78BB18C1AE34008F1BB4 /* NetStyleNetworkViewController.m in Sources */ = {isa = PBXBuildFile; fileRef = FB0C78BA18C1AE34008F1BB4 /* NetStyleNetworkViewController.m */; };
		FB0C78BE18C1B25B008F1BB4 /* NetStyleColleaguesTableViewController.m in Sources */ = {isa = PBXBuildFile; fileRef = FB0C78BD18C1B25B008F1BB4 /* NetStyleColleaguesTableViewController.m */; };
		FB0C78C118C1B522008F1BB4 /* NetStyleLeaderTableViewController.m in Sources */ = {isa = PBXBuildFile; fileRef = FB0C78C018C1B522008F1BB4 /* NetStyleLeaderTableViewController.m */; };
		FB0C78C318C1B6F0008F1BB4 /* Parse.framework in Frameworks */ = {isa = PBXBuildFile; fileRef = FB0C78C218C1B6F0008F1BB4 /* Parse.framework */; };
		FB0C78C518C1B8AB008F1BB4 /* AudioToolbox.framework in Frameworks */ = {isa = PBXBuildFile; fileRef = FB0C78C418C1B8AB008F1BB4 /* AudioToolbox.framework */; };
		FB0C78C718C1B8B2008F1BB4 /* CFNetwork.framework in Frameworks */ = {isa = PBXBuildFile; fileRef = FB0C78C618C1B8B2008F1BB4 /* CFNetwork.framework */; };
		FB0C78C918C1B8BE008F1BB4 /* CoreLocation.framework in Frameworks */ = {isa = PBXBuildFile; fileRef = FB0C78C818C1B8BE008F1BB4 /* CoreLocation.framework */; };
		FB0C78CB18C1B8C9008F1BB4 /* libz.dylib in Frameworks */ = {isa = PBXBuildFile; fileRef = FB0C78CA18C1B8C9008F1BB4 /* libz.dylib */; };
		FB0C78CD18C1B8D2008F1BB4 /* MobileCoreServices.framework in Frameworks */ = {isa = PBXBuildFile; fileRef = FB0C78CC18C1B8D2008F1BB4 /* MobileCoreServices.framework */; };
		FB0C78CF18C1B8D9008F1BB4 /* QuartzCore.framework in Frameworks */ = {isa = PBXBuildFile; fileRef = FB0C78CE18C1B8D9008F1BB4 /* QuartzCore.framework */; };
		FB0C78D118C1B8E0008F1BB4 /* Security.framework in Frameworks */ = {isa = PBXBuildFile; fileRef = FB0C78D018C1B8E0008F1BB4 /* Security.framework */; };
		FB0C78D318C1B8ED008F1BB4 /* StoreKit.framework in Frameworks */ = {isa = PBXBuildFile; fileRef = FB0C78D218C1B8ED008F1BB4 /* StoreKit.framework */; };
		FB0C78D518C1B8F5008F1BB4 /* SystemConfiguration.framework in Frameworks */ = {isa = PBXBuildFile; fileRef = FB0C78D418C1B8F5008F1BB4 /* SystemConfiguration.framework */; };
		FB0C78D818C1B9C3008F1BB4 /* NetStyleConstants.m in Sources */ = {isa = PBXBuildFile; fileRef = FB0C78D718C1B9C3008F1BB4 /* NetStyleConstants.m */; };
/* End PBXBuildFile section */

/* Begin PBXContainerItemProxy section */
		FB0C789C18C11E0A008F1BB4 /* PBXContainerItemProxy */ = {
			isa = PBXContainerItemProxy;
			containerPortal = FB0C787418C11E0A008F1BB4 /* Project object */;
			proxyType = 1;
			remoteGlobalIDString = FB0C787B18C11E0A008F1BB4;
			remoteInfo = "Network Style";
		};
/* End PBXContainerItemProxy section */

/* Begin PBXFileReference section */
		FB0C787C18C11E0A008F1BB4 /* Network Style.app */ = {isa = PBXFileReference; explicitFileType = wrapper.application; includeInIndex = 0; path = "Network Style.app"; sourceTree = BUILT_PRODUCTS_DIR; };
		FB0C787F18C11E0A008F1BB4 /* Foundation.framework */ = {isa = PBXFileReference; lastKnownFileType = wrapper.framework; name = Foundation.framework; path = System/Library/Frameworks/Foundation.framework; sourceTree = SDKROOT; };
		FB0C788118C11E0A008F1BB4 /* CoreGraphics.framework */ = {isa = PBXFileReference; lastKnownFileType = wrapper.framework; name = CoreGraphics.framework; path = System/Library/Frameworks/CoreGraphics.framework; sourceTree = SDKROOT; };
		FB0C788318C11E0A008F1BB4 /* UIKit.framework */ = {isa = PBXFileReference; lastKnownFileType = wrapper.framework; name = UIKit.framework; path = System/Library/Frameworks/UIKit.framework; sourceTree = SDKROOT; };
		FB0C788718C11E0A008F1BB4 /* Network Style-Info.plist */ = {isa = PBXFileReference; lastKnownFileType = text.plist.xml; path = "Network Style-Info.plist"; sourceTree = "<group>"; };
		FB0C788918C11E0A008F1BB4 /* en */ = {isa = PBXFileReference; lastKnownFileType = text.plist.strings; name = en; path = en.lproj/InfoPlist.strings; sourceTree = "<group>"; };
		FB0C788B18C11E0A008F1BB4 /* main.m */ = {isa = PBXFileReference; lastKnownFileType = sourcecode.c.objc; path = main.m; sourceTree = "<group>"; };
		FB0C788D18C11E0A008F1BB4 /* Network Style-Prefix.pch */ = {isa = PBXFileReference; lastKnownFileType = sourcecode.c.h; path = "Network Style-Prefix.pch"; sourceTree = "<group>"; };
		FB0C788E18C11E0A008F1BB4 /* NetStyleAppDelegate.h */ = {isa = PBXFileReference; lastKnownFileType = sourcecode.c.h; path = NetStyleAppDelegate.h; sourceTree = "<group>"; };
		FB0C788F18C11E0A008F1BB4 /* NetStyleAppDelegate.m */ = {isa = PBXFileReference; lastKnownFileType = sourcecode.c.objc; path = NetStyleAppDelegate.m; sourceTree = "<group>"; };
		FB0C789118C11E0A008F1BB4 /* Images.xcassets */ = {isa = PBXFileReference; lastKnownFileType = folder.assetcatalog; path = Images.xcassets; sourceTree = "<group>"; };
		FB0C789718C11E0A008F1BB4 /* Network StyleTests.xctest */ = {isa = PBXFileReference; explicitFileType = wrapper.cfbundle; includeInIndex = 0; path = "Network StyleTests.xctest"; sourceTree = BUILT_PRODUCTS_DIR; };
		FB0C789818C11E0A008F1BB4 /* XCTest.framework */ = {isa = PBXFileReference; lastKnownFileType = wrapper.framework; name = XCTest.framework; path = Library/Frameworks/XCTest.framework; sourceTree = DEVELOPER_DIR; };
		FB0C78A018C11E0A008F1BB4 /* Network StyleTests-Info.plist */ = {isa = PBXFileReference; lastKnownFileType = text.plist.xml; path = "Network StyleTests-Info.plist"; sourceTree = "<group>"; };
		FB0C78A218C11E0A008F1BB4 /* en */ = {isa = PBXFileReference; lastKnownFileType = text.plist.strings; name = en; path = en.lproj/InfoPlist.strings; sourceTree = "<group>"; };
		FB0C78A418C11E0A008F1BB4 /* Network_StyleTests.m */ = {isa = PBXFileReference; lastKnownFileType = sourcecode.c.objc; path = Network_StyleTests.m; sourceTree = "<group>"; };
		FB0C78AE18C11EA3008F1BB4 /* Main.storyboard */ = {isa = PBXFileReference; fileEncoding = 4; lastKnownFileType = file.storyboard; path = Main.storyboard; sourceTree = "<group>"; };
		FB0C78B018C1205D008F1BB4 /* NetStyleTabBarController.h */ = {isa = PBXFileReference; fileEncoding = 4; lastKnownFileType = sourcecode.c.h; path = NetStyleTabBarController.h; sourceTree = "<group>"; };
		FB0C78B118C1205D008F1BB4 /* NetStyleTabBarController.m */ = {isa = PBXFileReference; fileEncoding = 4; lastKnownFileType = sourcecode.c.objc; path = NetStyleTabBarController.m; sourceTree = "<group>"; };
		FB0C78B318C12113008F1BB4 /* NetStyleProfileViewController.h */ = {isa = PBXFileReference; fileEncoding = 4; lastKnownFileType = sourcecode.c.h; path = NetStyleProfileViewController.h; sourceTree = "<group>"; };
		FB0C78B418C12113008F1BB4 /* NetStyleProfileViewController.m */ = {isa = PBXFileReference; fileEncoding = 4; lastKnownFileType = sourcecode.c.objc; path = NetStyleProfileViewController.m; sourceTree = "<group>"; };
		FB0C78B718C12C4B008F1BB4 /* profpic.jpg */ = {isa = PBXFileReference; lastKnownFileType = image.jpeg; path = profpic.jpg; sourceTree = "<group>"; };
		FB0C78B918C1AE34008F1BB4 /* NetStyleNetworkViewController.h */ = {isa = PBXFileReference; fileEncoding = 4; lastKnownFileType = sourcecode.c.h; path = NetStyleNetworkViewController.h; sourceTree = "<group>"; };
		FB0C78BA18C1AE34008F1BB4 /* NetStyleNetworkViewController.m */ = {isa = PBXFileReference; fileEncoding = 4; lastKnownFileType = sourcecode.c.objc; path = NetStyleNetworkViewController.m; sourceTree = "<group>"; };
		FB0C78BC18C1B25B008F1BB4 /* NetStyleColleaguesTableViewController.h */ = {isa = PBXFileReference; fileEncoding = 4; lastKnownFileType = sourcecode.c.h; path = NetStyleColleaguesTableViewController.h; sourceTree = "<group>"; };
		FB0C78BD18C1B25B008F1BB4 /* NetStyleColleaguesTableViewController.m */ = {isa = PBXFileReference; fileEncoding = 4; lastKnownFileType = sourcecode.c.objc; path = NetStyleColleaguesTableViewController.m; sourceTree = "<group>"; };
		FB0C78BF18C1B522008F1BB4 /* NetStyleLeaderTableViewController.h */ = {isa = PBXFileReference; fileEncoding = 4; lastKnownFileType = sourcecode.c.h; path = NetStyleLeaderTableViewController.h; sourceTree = "<group>"; };
		FB0C78C018C1B522008F1BB4 /* NetStyleLeaderTableViewController.m */ = {isa = PBXFileReference; fileEncoding = 4; lastKnownFileType = sourcecode.c.objc; path = NetStyleLeaderTableViewController.m; sourceTree = "<group>"; };
		FB0C78C218C1B6F0008F1BB4 /* Parse.framework */ = {isa = PBXFileReference; lastKnownFileType = wrapper.framework; path = Parse.framework; sourceTree = "<group>"; };
		FB0C78C418C1B8AB008F1BB4 /* AudioToolbox.framework */ = {isa = PBXFileReference; lastKnownFileType = wrapper.framework; name = AudioToolbox.framework; path = System/Library/Frameworks/AudioToolbox.framework; sourceTree = SDKROOT; };
		FB0C78C618C1B8B2008F1BB4 /* CFNetwork.framework */ = {isa = PBXFileReference; lastKnownFileType = wrapper.framework; name = CFNetwork.framework; path = System/Library/Frameworks/CFNetwork.framework; sourceTree = SDKROOT; };
		FB0C78C818C1B8BE008F1BB4 /* CoreLocation.framework */ = {isa = PBXFileReference; lastKnownFileType = wrapper.framework; name = CoreLocation.framework; path = System/Library/Frameworks/CoreLocation.framework; sourceTree = SDKROOT; };
		FB0C78CA18C1B8C9008F1BB4 /* libz.dylib */ = {isa = PBXFileReference; lastKnownFileType = "compiled.mach-o.dylib"; name = libz.dylib; path = usr/lib/libz.dylib; sourceTree = SDKROOT; };
		FB0C78CC18C1B8D2008F1BB4 /* MobileCoreServices.framework */ = {isa = PBXFileReference; lastKnownFileType = wrapper.framework; name = MobileCoreServices.framework; path = System/Library/Frameworks/MobileCoreServices.framework; sourceTree = SDKROOT; };
		FB0C78CE18C1B8D9008F1BB4 /* QuartzCore.framework */ = {isa = PBXFileReference; lastKnownFileType = wrapper.framework; name = QuartzCore.framework; path = System/Library/Frameworks/QuartzCore.framework; sourceTree = SDKROOT; };
		FB0C78D018C1B8E0008F1BB4 /* Security.framework */ = {isa = PBXFileReference; lastKnownFileType = wrapper.framework; name = Security.framework; path = System/Library/Frameworks/Security.framework; sourceTree = SDKROOT; };
		FB0C78D218C1B8ED008F1BB4 /* StoreKit.framework */ = {isa = PBXFileReference; lastKnownFileType = wrapper.framework; name = StoreKit.framework; path = System/Library/Frameworks/StoreKit.framework; sourceTree = SDKROOT; };
		FB0C78D418C1B8F5008F1BB4 /* SystemConfiguration.framework */ = {isa = PBXFileReference; lastKnownFileType = wrapper.framework; name = SystemConfiguration.framework; path = System/Library/Frameworks/SystemConfiguration.framework; sourceTree = SDKROOT; };
		FB0C78D618C1B9C3008F1BB4 /* NetStyleConstants.h */ = {isa = PBXFileReference; fileEncoding = 4; lastKnownFileType = sourcecode.c.h; path = NetStyleConstants.h; sourceTree = "<group>"; };
		FB0C78D718C1B9C3008F1BB4 /* NetStyleConstants.m */ = {isa = PBXFileReference; fileEncoding = 4; lastKnownFileType = sourcecode.c.objc; path = NetStyleConstants.m; sourceTree = "<group>"; };
/* End PBXFileReference section */

/* Begin PBXFrameworksBuildPhase section */
		FB0C787918C11E0A008F1BB4 /* Frameworks */ = {
			isa = PBXFrameworksBuildPhase;
			buildActionMask = 2147483647;
			files = (
				FB0C78D518C1B8F5008F1BB4 /* SystemConfiguration.framework in Frameworks */,
				FB0C78D318C1B8ED008F1BB4 /* StoreKit.framework in Frameworks */,
				FB0C78D118C1B8E0008F1BB4 /* Security.framework in Frameworks */,
				FB0C78CF18C1B8D9008F1BB4 /* QuartzCore.framework in Frameworks */,
				FB0C78CD18C1B8D2008F1BB4 /* MobileCoreServices.framework in Frameworks */,
				FB0C78CB18C1B8C9008F1BB4 /* libz.dylib in Frameworks */,
				FB0C78C918C1B8BE008F1BB4 /* CoreLocation.framework in Frameworks */,
				FB0C78C718C1B8B2008F1BB4 /* CFNetwork.framework in Frameworks */,
				FB0C78C518C1B8AB008F1BB4 /* AudioToolbox.framework in Frameworks */,
				FB0C788218C11E0A008F1BB4 /* CoreGraphics.framework in Frameworks */,
				FB0C788418C11E0A008F1BB4 /* UIKit.framework in Frameworks */,
				FB0C78C318C1B6F0008F1BB4 /* Parse.framework in Frameworks */,
				FB0C788018C11E0A008F1BB4 /* Foundation.framework in Frameworks */,
			);
			runOnlyForDeploymentPostprocessing = 0;
		};
		FB0C789418C11E0A008F1BB4 /* Frameworks */ = {
			isa = PBXFrameworksBuildPhase;
			buildActionMask = 2147483647;
			files = (
				FB0C789918C11E0A008F1BB4 /* XCTest.framework in Frameworks */,
				FB0C789B18C11E0A008F1BB4 /* UIKit.framework in Frameworks */,
				FB0C789A18C11E0A008F1BB4 /* Foundation.framework in Frameworks */,
			);
			runOnlyForDeploymentPostprocessing = 0;
		};
/* End PBXFrameworksBuildPhase section */

/* Begin PBXGroup section */
		FB0C787318C11E0A008F1BB4 = {
			isa = PBXGroup;
			children = (
				FB0C788518C11E0A008F1BB4 /* Network Style */,
				FB0C789E18C11E0A008F1BB4 /* Network StyleTests */,
				FB0C787E18C11E0A008F1BB4 /* Frameworks */,
				FB0C787D18C11E0A008F1BB4 /* Products */,
			);
			sourceTree = "<group>";
		};
		FB0C787D18C11E0A008F1BB4 /* Products */ = {
			isa = PBXGroup;
			children = (
				FB0C787C18C11E0A008F1BB4 /* Network Style.app */,
				FB0C789718C11E0A008F1BB4 /* Network StyleTests.xctest */,
			);
			name = Products;
			sourceTree = "<group>";
		};
		FB0C787E18C11E0A008F1BB4 /* Frameworks */ = {
			isa = PBXGroup;
			children = (
				FB0C78D418C1B8F5008F1BB4 /* SystemConfiguration.framework */,
				FB0C78D218C1B8ED008F1BB4 /* StoreKit.framework */,
				FB0C78D018C1B8E0008F1BB4 /* Security.framework */,
				FB0C78CE18C1B8D9008F1BB4 /* QuartzCore.framework */,
				FB0C78CC18C1B8D2008F1BB4 /* MobileCoreServices.framework */,
				FB0C78CA18C1B8C9008F1BB4 /* libz.dylib */,
				FB0C78C818C1B8BE008F1BB4 /* CoreLocation.framework */,
				FB0C78C618C1B8B2008F1BB4 /* CFNetwork.framework */,
				FB0C78C418C1B8AB008F1BB4 /* AudioToolbox.framework */,
				FB0C78C218C1B6F0008F1BB4 /* Parse.framework */,
				FB0C787F18C11E0A008F1BB4 /* Foundation.framework */,
				FB0C788118C11E0A008F1BB4 /* CoreGraphics.framework */,
				FB0C788318C11E0A008F1BB4 /* UIKit.framework */,
				FB0C789818C11E0A008F1BB4 /* XCTest.framework */,
			);
			name = Frameworks;
			sourceTree = "<group>";
		};
		FB0C788518C11E0A008F1BB4 /* Network Style */ = {
			isa = PBXGroup;
			children = (
				FB0C78D618C1B9C3008F1BB4 /* NetStyleConstants.h */,
				FB0C78D718C1B9C3008F1BB4 /* NetStyleConstants.m */,
				FB0C788E18C11E0A008F1BB4 /* NetStyleAppDelegate.h */,
				FB0C788F18C11E0A008F1BB4 /* NetStyleAppDelegate.m */,
				FB0C789118C11E0A008F1BB4 /* Images.xcassets */,
				FB0C788618C11E0A008F1BB4 /* Supporting Files */,
				FB0C78B318C12113008F1BB4 /* NetStyleProfileViewController.h */,
				FB0C78B418C12113008F1BB4 /* NetStyleProfileViewController.m */,
				FB0C78B918C1AE34008F1BB4 /* NetStyleNetworkViewController.h */,
				FB0C78BA18C1AE34008F1BB4 /* NetStyleNetworkViewController.m */,
				FB0C78B018C1205D008F1BB4 /* NetStyleTabBarController.h */,
				FB0C78B118C1205D008F1BB4 /* NetStyleTabBarController.m */,
				FB0C78BC18C1B25B008F1BB4 /* NetStyleColleaguesTableViewController.h */,
				FB0C78BD18C1B25B008F1BB4 /* NetStyleColleaguesTableViewController.m */,
				FB0C78BF18C1B522008F1BB4 /* NetStyleLeaderTableViewController.h */,
				FB0C78C018C1B522008F1BB4 /* NetStyleLeaderTableViewController.m */,
			);
			path = "Network Style";
			sourceTree = "<group>";
		};
		FB0C788618C11E0A008F1BB4 /* Supporting Files */ = {
			isa = PBXGroup;
			children = (
				FB0C78B618C12C0F008F1BB4 /* default_images */,
				FB0C78AE18C11EA3008F1BB4 /* Main.storyboard */,
				FB0C788718C11E0A008F1BB4 /* Network Style-Info.plist */,
				FB0C788818C11E0A008F1BB4 /* InfoPlist.strings */,
				FB0C788B18C11E0A008F1BB4 /* main.m */,
				FB0C788D18C11E0A008F1BB4 /* Network Style-Prefix.pch */,
			);
			name = "Supporting Files";
			sourceTree = "<group>";
		};
		FB0C789E18C11E0A008F1BB4 /* Network StyleTests */ = {
			isa = PBXGroup;
			children = (
				FB0C78A418C11E0A008F1BB4 /* Network_StyleTests.m */,
				FB0C789F18C11E0A008F1BB4 /* Supporting Files */,
			);
			path = "Network StyleTests";
			sourceTree = "<group>";
		};
		FB0C789F18C11E0A008F1BB4 /* Supporting Files */ = {
			isa = PBXGroup;
			children = (
				FB0C78A018C11E0A008F1BB4 /* Network StyleTests-Info.plist */,
				FB0C78A118C11E0A008F1BB4 /* InfoPlist.strings */,
			);
			name = "Supporting Files";
			sourceTree = "<group>";
		};
		FB0C78B618C12C0F008F1BB4 /* default_images */ = {
			isa = PBXGroup;
			children = (
				FB0C78B718C12C4B008F1BB4 /* profpic.jpg */,
			);
			name = default_images;
			sourceTree = "<group>";
		};
/* End PBXGroup section */

/* Begin PBXNativeTarget section */
		FB0C787B18C11E0A008F1BB4 /* Network Style */ = {
			isa = PBXNativeTarget;
			buildConfigurationList = FB0C78A818C11E0A008F1BB4 /* Build configuration list for PBXNativeTarget "Network Style" */;
			buildPhases = (
				FB0C787818C11E0A008F1BB4 /* Sources */,
				FB0C787918C11E0A008F1BB4 /* Frameworks */,
				FB0C787A18C11E0A008F1BB4 /* Resources */,
			);
			buildRules = (
			);
			dependencies = (
			);
			name = "Network Style";
			productName = "Network Style";
			productReference = FB0C787C18C11E0A008F1BB4 /* Network Style.app */;
			productType = "com.apple.product-type.application";
		};
		FB0C789618C11E0A008F1BB4 /* Network StyleTests */ = {
			isa = PBXNativeTarget;
			buildConfigurationList = FB0C78AB18C11E0A008F1BB4 /* Build configuration list for PBXNativeTarget "Network StyleTests" */;
			buildPhases = (
				FB0C789318C11E0A008F1BB4 /* Sources */,
				FB0C789418C11E0A008F1BB4 /* Frameworks */,
				FB0C789518C11E0A008F1BB4 /* Resources */,
			);
			buildRules = (
			);
			dependencies = (
				FB0C789D18C11E0A008F1BB4 /* PBXTargetDependency */,
			);
			name = "Network StyleTests";
			productName = "Network StyleTests";
			productReference = FB0C789718C11E0A008F1BB4 /* Network StyleTests.xctest */;
			productType = "com.apple.product-type.bundle.unit-test";
		};
/* End PBXNativeTarget section */

/* Begin PBXProject section */
		FB0C787418C11E0A008F1BB4 /* Project object */ = {
			isa = PBXProject;
			attributes = {
				CLASSPREFIX = NetStyle;
				LastUpgradeCheck = 0500;
				ORGANIZATIONNAME = "Miller's Fantasy";
				TargetAttributes = {
					FB0C789618C11E0A008F1BB4 = {
						TestTargetID = FB0C787B18C11E0A008F1BB4;
					};
				};
			};
			buildConfigurationList = FB0C787718C11E0A008F1BB4 /* Build configuration list for PBXProject "Network Style" */;
			compatibilityVersion = "Xcode 3.2";
			developmentRegion = English;
			hasScannedForEncodings = 0;
			knownRegions = (
				en,
			);
			mainGroup = FB0C787318C11E0A008F1BB4;
			productRefGroup = FB0C787D18C11E0A008F1BB4 /* Products */;
			projectDirPath = "";
			projectRoot = "";
			targets = (
				FB0C787B18C11E0A008F1BB4 /* Network Style */,
				FB0C789618C11E0A008F1BB4 /* Network StyleTests */,
			);
		};
/* End PBXProject section */

/* Begin PBXResourcesBuildPhase section */
		FB0C787A18C11E0A008F1BB4 /* Resources */ = {
			isa = PBXResourcesBuildPhase;
			buildActionMask = 2147483647;
			files = (
				FB0C788A18C11E0A008F1BB4 /* InfoPlist.strings in Resources */,
				FB0C78B818C12C4B008F1BB4 /* profpic.jpg in Resources */,
				FB0C789218C11E0A008F1BB4 /* Images.xcassets in Resources */,
				FB0C78AF18C11EA3008F1BB4 /* Main.storyboard in Resources */,
			);
			runOnlyForDeploymentPostprocessing = 0;
		};
		FB0C789518C11E0A008F1BB4 /* Resources */ = {
			isa = PBXResourcesBuildPhase;
			buildActionMask = 2147483647;
			files = (
				FB0C78A318C11E0A008F1BB4 /* InfoPlist.strings in Resources */,
			);
			runOnlyForDeploymentPostprocessing = 0;
		};
/* End PBXResourcesBuildPhase section */

/* Begin PBXSourcesBuildPhase section */
		FB0C787818C11E0A008F1BB4 /* Sources */ = {
			isa = PBXSourcesBuildPhase;
			buildActionMask = 2147483647;
			files = (
				FB0C789018C11E0A008F1BB4 /* NetStyleAppDelegate.m in Sources */,
				FB0C788C18C11E0A008F1BB4 /* main.m in Sources */,
				FB0C78C118C1B522008F1BB4 /* NetStyleLeaderTableViewController.m in Sources */,
				FB0C78D818C1B9C3008F1BB4 /* NetStyleConstants.m in Sources */,
				FB0C78B518C12113008F1BB4 /* NetStyleProfileViewController.m in Sources */,
				FB0C78BE18C1B25B008F1BB4 /* NetStyleColleaguesTableViewController.m in Sources */,
				FB0C78B218C1205D008F1BB4 /* NetStyleTabBarController.m in Sources */,
				FB0C78BB18C1AE34008F1BB4 /* NetStyleNetworkViewController.m in Sources */,
			);
			runOnlyForDeploymentPostprocessing = 0;
		};
		FB0C789318C11E0A008F1BB4 /* Sources */ = {
			isa = PBXSourcesBuildPhase;
			buildActionMask = 2147483647;
			files = (
				FB0C78A518C11E0A008F1BB4 /* Network_StyleTests.m in Sources */,
			);
			runOnlyForDeploymentPostprocessing = 0;
		};
/* End PBXSourcesBuildPhase section */

/* Begin PBXTargetDependency section */
		FB0C789D18C11E0A008F1BB4 /* PBXTargetDependency */ = {
			isa = PBXTargetDependency;
			target = FB0C787B18C11E0A008F1BB4 /* Network Style */;
			targetProxy = FB0C789C18C11E0A008F1BB4 /* PBXContainerItemProxy */;
		};
/* End PBXTargetDependency section */

/* Begin PBXVariantGroup section */
		FB0C788818C11E0A008F1BB4 /* InfoPlist.strings */ = {
			isa = PBXVariantGroup;
			children = (
				FB0C788918C11E0A008F1BB4 /* en */,
			);
			name = InfoPlist.strings;
			sourceTree = "<group>";
		};
		FB0C78A118C11E0A008F1BB4 /* InfoPlist.strings */ = {
			isa = PBXVariantGroup;
			children = (
				FB0C78A218C11E0A008F1BB4 /* en */,
			);
			name = InfoPlist.strings;
			sourceTree = "<group>";
		};
/* End PBXVariantGroup section */

/* Begin XCBuildConfiguration section */
		FB0C78A618C11E0A008F1BB4 /* Debug */ = {
			isa = XCBuildConfiguration;
			buildSettings = {
				ALWAYS_SEARCH_USER_PATHS = NO;
				ARCHS = "$(ARCHS_STANDARD_INCLUDING_64_BIT)";
				CLANG_CXX_LANGUAGE_STANDARD = "gnu++0x";
				CLANG_CXX_LIBRARY = "libc++";
				CLANG_ENABLE_MODULES = YES;
				CLANG_ENABLE_OBJC_ARC = YES;
				CLANG_WARN_BOOL_CONVERSION = YES;
				CLANG_WARN_CONSTANT_CONVERSION = YES;
				CLANG_WARN_DIRECT_OBJC_ISA_USAGE = YES_ERROR;
				CLANG_WARN_EMPTY_BODY = YES;
				CLANG_WARN_ENUM_CONVERSION = YES;
				CLANG_WARN_INT_CONVERSION = YES;
				CLANG_WARN_OBJC_ROOT_CLASS = YES_ERROR;
				CLANG_WARN__DUPLICATE_METHOD_MATCH = YES;
				"CODE_SIGN_IDENTITY[sdk=iphoneos*]" = "iPhone Developer";
				COPY_PHASE_STRIP = NO;
				GCC_C_LANGUAGE_STANDARD = gnu99;
				GCC_DYNAMIC_NO_PIC = NO;
				GCC_OPTIMIZATION_LEVEL = 0;
				GCC_PREPROCESSOR_DEFINITIONS = (
					"DEBUG=1",
					"$(inherited)",
				);
				GCC_SYMBOLS_PRIVATE_EXTERN = NO;
				GCC_WARN_64_TO_32_BIT_CONVERSION = YES;
				GCC_WARN_ABOUT_RETURN_TYPE = YES_ERROR;
				GCC_WARN_UNDECLARED_SELECTOR = YES;
				GCC_WARN_UNINITIALIZED_AUTOS = YES;
				GCC_WARN_UNUSED_FUNCTION = YES;
				GCC_WARN_UNUSED_VARIABLE = YES;
				IPHONEOS_DEPLOYMENT_TARGET = 7.0;
				ONLY_ACTIVE_ARCH = YES;
				SDKROOT = iphoneos;
			};
			name = Debug;
		};
		FB0C78A718C11E0A008F1BB4 /* Release */ = {
			isa = XCBuildConfiguration;
			buildSettings = {
				ALWAYS_SEARCH_USER_PATHS = NO;
				ARCHS = "$(ARCHS_STANDARD_INCLUDING_64_BIT)";
				CLANG_CXX_LANGUAGE_STANDARD = "gnu++0x";
				CLANG_CXX_LIBRARY = "libc++";
				CLANG_ENABLE_MODULES = YES;
				CLANG_ENABLE_OBJC_ARC = YES;
				CLANG_WARN_BOOL_CONVERSION = YES;
				CLANG_WARN_CONSTANT_CONVERSION = YES;
				CLANG_WARN_DIRECT_OBJC_ISA_USAGE = YES_ERROR;
				CLANG_WARN_EMPTY_BODY = YES;
				CLANG_WARN_ENUM_CONVERSION = YES;
				CLANG_WARN_INT_CONVERSION = YES;
				CLANG_WARN_OBJC_ROOT_CLASS = YES_ERROR;
				CLANG_WARN__DUPLICATE_METHOD_MATCH = YES;
				"CODE_SIGN_IDENTITY[sdk=iphoneos*]" = "iPhone Developer";
				COPY_PHASE_STRIP = YES;
				ENABLE_NS_ASSERTIONS = NO;
				GCC_C_LANGUAGE_STANDARD = gnu99;
				GCC_WARN_64_TO_32_BIT_CONVERSION = YES;
				GCC_WARN_ABOUT_RETURN_TYPE = YES_ERROR;
				GCC_WARN_UNDECLARED_SELECTOR = YES;
				GCC_WARN_UNINITIALIZED_AUTOS = YES;
				GCC_WARN_UNUSED_FUNCTION = YES;
				GCC_WARN_UNUSED_VARIABLE = YES;
				IPHONEOS_DEPLOYMENT_TARGET = 7.0;
				SDKROOT = iphoneos;
				VALIDATE_PRODUCT = YES;
			};
			name = Release;
		};
		FB0C78A918C11E0A008F1BB4 /* Debug */ = {
			isa = XCBuildConfiguration;
			buildSettings = {
				ASSETCATALOG_COMPILER_APPICON_NAME = AppIcon;
				ASSETCATALOG_COMPILER_LAUNCHIMAGE_NAME = LaunchImage;
				FRAMEWORK_SEARCH_PATHS = (
					"$(inherited)",
					"/Users/kevinroark/code/ios/network-style/Network\\ Style",
				);
				GCC_PRECOMPILE_PREFIX_HEADER = YES;
				GCC_PREFIX_HEADER = "Network Style/Network Style-Prefix.pch";
				INFOPLIST_FILE = "Network Style/Network Style-Info.plist";
				PRODUCT_NAME = "$(TARGET_NAME)";
				WRAPPER_EXTENSION = app;
			};
			name = Debug;
		};
		FB0C78AA18C11E0A008F1BB4 /* Release */ = {
			isa = XCBuildConfiguration;
			buildSettings = {
				ASSETCATALOG_COMPILER_APPICON_NAME = AppIcon;
				ASSETCATALOG_COMPILER_LAUNCHIMAGE_NAME = LaunchImage;
				FRAMEWORK_SEARCH_PATHS = (
					"$(inherited)",
					"/Users/kevinroark/code/ios/network-style/Network\\ Style",
				);
				GCC_PRECOMPILE_PREFIX_HEADER = YES;
				GCC_PREFIX_HEADER = "Network Style/Network Style-Prefix.pch";
				INFOPLIST_FILE = "Network Style/Network Style-Info.plist";
				PRODUCT_NAME = "$(TARGET_NAME)";
				WRAPPER_EXTENSION = app;
			};
			name = Release;
		};
		FB0C78AC18C11E0A008F1BB4 /* Debug */ = {
			isa = XCBuildConfiguration;
			buildSettings = {
				ARCHS = "$(ARCHS_STANDARD_INCLUDING_64_BIT)";
				BUNDLE_LOADER = "$(BUILT_PRODUCTS_DIR)/Network Style.app/Network Style";
				FRAMEWORK_SEARCH_PATHS = (
					"$(SDKROOT)/Developer/Library/Frameworks",
					"$(inherited)",
					"$(DEVELOPER_FRAMEWORKS_DIR)",
				);
				GCC_PRECOMPILE_PREFIX_HEADER = YES;
				GCC_PREFIX_HEADER = "Network Style/Network Style-Prefix.pch";
				GCC_PREPROCESSOR_DEFINITIONS = (
					"DEBUG=1",
					"$(inherited)",
				);
				INFOPLIST_FILE = "Network StyleTests/Network StyleTests-Info.plist";
				PRODUCT_NAME = "$(TARGET_NAME)";
				TEST_HOST = "$(BUNDLE_LOADER)";
				WRAPPER_EXTENSION = xctest;
			};
			name = Debug;
		};
		FB0C78AD18C11E0A008F1BB4 /* Release */ = {
			isa = XCBuildConfiguration;
			buildSettings = {
				ARCHS = "$(ARCHS_STANDARD_INCLUDING_64_BIT)";
				BUNDLE_LOADER = "$(BUILT_PRODUCTS_DIR)/Network Style.app/Network Style";
				FRAMEWORK_SEARCH_PATHS = (
					"$(SDKROOT)/Developer/Library/Frameworks",
					"$(inherited)",
					"$(DEVELOPER_FRAMEWORKS_DIR)",
				);
				GCC_PRECOMPILE_PREFIX_HEADER = YES;
				GCC_PREFIX_HEADER = "Network Style/Network Style-Prefix.pch";
				INFOPLIST_FILE = "Network StyleTests/Network StyleTests-Info.plist";
				PRODUCT_NAME = "$(TARGET_NAME)";
				TEST_HOST = "$(BUNDLE_LOADER)";
				WRAPPER_EXTENSION = xctest;
			};
			name = Release;
		};
/* End XCBuildConfiguration section */

/* Begin XCConfigurationList section */
		FB0C787718C11E0A008F1BB4 /* Build configuration list for PBXProject "Network Style" */ = {
			isa = XCConfigurationList;
			buildConfigurations = (
				FB0C78A618C11E0A008F1BB4 /* Debug */,
				FB0C78A718C11E0A008F1BB4 /* Release */,
			);
			defaultConfigurationIsVisible = 0;
			defaultConfigurationName = Release;
		};
		FB0C78A818C11E0A008F1BB4 /* Build configuration list for PBXNativeTarget "Network Style" */ = {
			isa = XCConfigurationList;
			buildConfigurations = (
				FB0C78A918C11E0A008F1BB4 /* Debug */,
				FB0C78AA18C11E0A008F1BB4 /* Release */,
			);
			defaultConfigurationIsVisible = 0;
			defaultConfigurationName = Release;
		};
		FB0C78AB18C11E0A008F1BB4 /* Build configuration list for PBXNativeTarget "Network StyleTests" */ = {
			isa = XCConfigurationList;
			buildConfigurations = (
				FB0C78AC18C11E0A008F1BB4 /* Debug */,
				FB0C78AD18C11E0A008F1BB4 /* Release */,
			);
			defaultConfigurationIsVisible = 0;
			defaultConfigurationName = Release;
		};
/* End XCConfigurationList section */
	};
	rootObject = FB0C787418C11E0A008F1BB4 /* Project object */;
}
